
Microsoft Visual Studio Solution File, Format Version 12.00
# Visual Studio Version 17
VisualStudioVersion = 17.5.33516.290
MinimumVisualStudioVersion = 10.0.40219.1
Project("{54A90642-561A-4BB1-A94E-469ADEE60C69}") = "reactapp", "reactapp\reactapp.esproj", "{673B1B8E-D274-46E1-9C29-DE1EDD0348AD}"
EndProject
Project("{9A19103F-16F7-4668-BE54-9A1E7A4F7556}") = "webapi", "webapi\webapi.csproj", "{FBD51553-008C-44C5-BE25-31479300A643}"
EndProject
Project("{2150E333-8FDC-42A3-9474-1A3956D46DE8}") = "reactrouterapp", "reactrouterapp", "{EFBFA1F0-61F0-4303-8A35-803F810A225C}"
	ProjectSection(SolutionItems) = preProject
		reactrouterapp\.gitignore = reactrouterapp\.gitignore
		reactrouterapp\package-lock.json = reactrouterapp\package-lock.json
		reactrouterapp\package.json = reactrouterapp\package.json
		reactrouterapp\README.md = reactrouterapp\README.md
	EndProjectSection
EndProject
Project("{2150E333-8FDC-42A3-9474-1A3956D46DE8}") = "LatihanReactRouter", "LatihanReactRouter", "{70431AFC-A6BF-4DB9-9BEE-0F427288F155}"
EndProject
Project("{54A90642-561A-4BB1-A94E-469ADEE60C69}") = "latihanreact", "LatihanReact\latihanreact.esproj", "{CE049E01-5BCB-4314-94FE-F173EEF1AC6B}"
EndProject
Project("{54A90642-561A-4BB1-A94E-469ADEE60C69}") = "latihanrouter2", "LatihanRouter2\latihanrouter2.esproj", "{21E28BA2-9A10-452F-AAD0-5EA768FC320B}"
EndProject
Project("{54A90642-561A-4BB1-A94E-469ADEE60C69}") = "latihanreactrouterv6auth", "latihanreactrouterv6auth\latihanreactrouterv6auth.esproj", "{AD21B2C9-961B-42B7-A388-46AE4E5F1CFA}"
EndProject
Global
	GlobalSection(SolutionConfigurationPlatforms) = preSolution
		Debug|Any CPU = Debug|Any CPU
		Release|Any CPU = Release|Any CPU
	EndGlobalSection
	GlobalSection(ProjectConfigurationPlatforms) = postSolution
		{673B1B8E-D274-46E1-9C29-DE1EDD0348AD}.Debug|Any CPU.ActiveCfg = Debug|Any CPU
		{673B1B8E-D274-46E1-9C29-DE1EDD0348AD}.Debug|Any CPU.Build.0 = Debug|Any CPU
		{673B1B8E-D274-46E1-9C29-DE1EDD0348AD}.Debug|Any CPU.Deploy.0 = Debug|Any CPU
		{673B1B8E-D274-46E1-9C29-DE1EDD0348AD}.Release|Any CPU.ActiveCfg = Release|Any CPU
		{673B1B8E-D274-46E1-9C29-DE1EDD0348AD}.Release|Any CPU.Build.0 = Release|Any CPU
		{673B1B8E-D274-46E1-9C29-DE1EDD0348AD}.Release|Any CPU.Deploy.0 = Release|Any CPU
		{FBD51553-008C-44C5-BE25-31479300A643}.Debug|Any CPU.ActiveCfg = Debug|Any CPU
		{FBD51553-008C-44C5-BE25-31479300A643}.Debug|Any CPU.Build.0 = Debug|Any CPU
		{FBD51553-008C-44C5-BE25-31479300A643}.Release|Any CPU.ActiveCfg = Release|Any CPU
		{FBD51553-008C-44C5-BE25-31479300A643}.Release|Any CPU.Build.0 = Release|Any CPU
		{CE049E01-5BCB-4314-94FE-F173EEF1AC6B}.Debug|Any CPU.ActiveCfg = Debug|Any CPU
		{CE049E01-5BCB-4314-94FE-F173EEF1AC6B}.Debug|Any CPU.Build.0 = Debug|Any CPU
		{CE049E01-5BCB-4314-94FE-F173EEF1AC6B}.Debug|Any CPU.Deploy.0 = Debug|Any CPU
		{CE049E01-5BCB-4314-94FE-F173EEF1AC6B}.Release|Any CPU.ActiveCfg = Release|Any CPU
		{CE049E01-5BCB-4314-94FE-F173EEF1AC6B}.Release|Any CPU.Build.0 = Release|Any CPU
		{CE049E01-5BCB-4314-94FE-F173EEF1AC6B}.Release|Any CPU.Deploy.0 = Release|Any CPU
		{21E28BA2-9A10-452F-AAD0-5EA768FC320B}.Debug|Any CPU.ActiveCfg = Debug|Any CPU
		{21E28BA2-9A10-452F-AAD0-5EA768FC320B}.Debug|Any CPU.Build.0 = Debug|Any CPU
		{21E28BA2-9A10-452F-AAD0-5EA768FC320B}.Debug|Any CPU.Deploy.0 = Debug|Any CPU
		{21E28BA2-9A10-452F-AAD0-5EA768FC320B}.Release|Any CPU.ActiveCfg = Release|Any CPU
		{21E28BA2-9A10-452F-AAD0-5EA768FC320B}.Release|Any CPU.Build.0 = Release|Any CPU
		{21E28BA2-9A10-452F-AAD0-5EA768FC320B}.Release|Any CPU.Deploy.0 = Release|Any CPU
		{AD21B2C9-961B-42B7-A388-46AE4E5F1CFA}.Debug|Any CPU.ActiveCfg = Debug|Any CPU
		{AD21B2C9-961B-42B7-A388-46AE4E5F1CFA}.Debug|Any CPU.Build.0 = Debug|Any CPU
		{AD21B2C9-961B-42B7-A388-46AE4E5F1CFA}.Debug|Any CPU.Deploy.0 = Debug|Any CPU
		{AD21B2C9-961B-42B7-A388-46AE4E5F1CFA}.Release|Any CPU.ActiveCfg = Release|Any CPU
		{AD21B2C9-961B-42B7-A388-46AE4E5F1CFA}.Release|Any CPU.Build.0 = Release|Any CPU
		{AD21B2C9-961B-42B7-A388-46AE4E5F1CFA}.Release|Any CPU.Deploy.0 = Release|Any CPU
	EndGlobalSection
	GlobalSection(SolutionProperties) = preSolution
		HideSolutionNode = FALSE
	EndGlobalSection
	GlobalSection(NestedProjects) = preSolution
		{CE049E01-5BCB-4314-94FE-F173EEF1AC6B} = {70431AFC-A6BF-4DB9-9BEE-0F427288F155}
	EndGlobalSection
	GlobalSection(ExtensibilityGlobals) = postSolution
		SolutionGuid = {289E2DE1-EAE0-46A3-8AC0-CD5ED9E91728}
	EndGlobalSection
EndGlobal
